// !$*UTF8*$!
{
	archiveVersion = 1;
	classes = {
	};
	objectVersion = 46;
	objects = {

/* Begin PBXBuildFile section */
		2AFA647FE3FF2E38999ABF61 /* Pods_Project_01___GGArtistryUITests.framework in Frameworks */ = {isa = PBXBuildFile; fileRef = B5A101A4FE7D6CC88533C003 /* Pods_Project_01___GGArtistryUITests.framework */; };
		5D5F971333C28CE84989A4C3 /* Pods_Project_01___GGArtistry.framework in Frameworks */ = {isa = PBXBuildFile; fileRef = 362D4EB09CE55336579120F1 /* Pods_Project_01___GGArtistry.framework */; };
		AA0F269B6646F969537F0C10 /* Pods_Project_01___GGArtistryTests.framework in Frameworks */ = {isa = PBXBuildFile; fileRef = 427C45204F038A0CA3F4EB77 /* Pods_Project_01___GGArtistryTests.framework */; };
		DD0128211E94B186007A0F6E /* AppDelegate.swift in Sources */ = {isa = PBXBuildFile; fileRef = DD0128201E94B186007A0F6E /* AppDelegate.swift */; };
		DD0128281E94B186007A0F6E /* Assets.xcassets in Resources */ = {isa = PBXBuildFile; fileRef = DD0128271E94B186007A0F6E /* Assets.xcassets */; };
		DD01282B1E94B186007A0F6E /* LaunchScreen.storyboard in Resources */ = {isa = PBXBuildFile; fileRef = DD0128291E94B186007A0F6E /* LaunchScreen.storyboard */; };
		DD0128361E94B186007A0F6E /* Project_01___GGArtistryTests.swift in Sources */ = {isa = PBXBuildFile; fileRef = DD0128351E94B186007A0F6E /* Project_01___GGArtistryTests.swift */; };
		DD0128411E94B186007A0F6E /* Project_01___GGArtistryUITests.swift in Sources */ = {isa = PBXBuildFile; fileRef = DD0128401E94B186007A0F6E /* Project_01___GGArtistryUITests.swift */; };
		DD13C4DD1E97861B00904EF3 /* artists.json in Resources */ = {isa = PBXBuildFile; fileRef = DD13C4DC1E97861B00904EF3 /* artists.json */; };
		DD13C4E41E9788F400904EF3 /* GGArtistModel.swift in Sources */ = {isa = PBXBuildFile; fileRef = DD13C4DF1E9788F400904EF3 /* GGArtistModel.swift */; };
		DD13C4E51E9788F400904EF3 /* GGArtistryListVC.swift in Sources */ = {isa = PBXBuildFile; fileRef = DD13C4E21E9788F400904EF3 /* GGArtistryListVC.swift */; };
		DD13C4E61E9788F400904EF3 /* GGArtistryListVC.xib in Resources */ = {isa = PBXBuildFile; fileRef = DD13C4E31E9788F400904EF3 /* GGArtistryListVC.xib */; };
		DD13C4E81E97899000904EF3 /* GGWorkModel.swift in Sources */ = {isa = PBXBuildFile; fileRef = DD13C4E71E97899000904EF3 /* GGWorkModel.swift */; };
		DD13C4ED1E978AEF00904EF3 /* GGArtistryCell.swift in Sources */ = {isa = PBXBuildFile; fileRef = DD13C4EB1E978AEF00904EF3 /* GGArtistryCell.swift */; };
		DD13C4EE1E978AEF00904EF3 /* GGArtistryCell.xib in Resources */ = {isa = PBXBuildFile; fileRef = DD13C4EC1E978AEF00904EF3 /* GGArtistryCell.xib */; };
		DD337C581E9CB83300CAE19D /* GGBaseCellProtocol.swift in Sources */ = {isa = PBXBuildFile; fileRef = DD337C571E9CB83300CAE19D /* GGBaseCellProtocol.swift */; };
		DD79A10F1E9DDC6E00677EE2 /* GGWorkDetailVC.swift in Sources */ = {isa = PBXBuildFile; fileRef = DD79A10D1E9DDC6E00677EE2 /* GGWorkDetailVC.swift */; };
		DD79A1101E9DDC6E00677EE2 /* GGWorkDetailVC.xib in Resources */ = {isa = PBXBuildFile; fileRef = DD79A10E1E9DDC6E00677EE2 /* GGWorkDetailVC.xib */; };
		DDE3C60F1E9E1AAC00FC57A1 /* GGWorkCell.swift in Sources */ = {isa = PBXBuildFile; fileRef = DDE3C60D1E9E1AAC00FC57A1 /* GGWorkCell.swift */; };
		DDE3C6101E9E1AAC00FC57A1 /* GGWorkCell.xib in Resources */ = {isa = PBXBuildFile; fileRef = DDE3C60E1E9E1AAC00FC57A1 /* GGWorkCell.xib */; };
/* End PBXBuildFile section */

/* Begin PBXContainerItemProxy section */
		DD0128321E94B186007A0F6E /* PBXContainerItemProxy */ = {
			isa = PBXContainerItemProxy;
			containerPortal = DD0128151E94B186007A0F6E /* Project object */;
			proxyType = 1;
			remoteGlobalIDString = DD01281C1E94B186007A0F6E;
			remoteInfo = "Project 01 - GGArtistry";
		};
		DD01283D1E94B186007A0F6E /* PBXContainerItemProxy */ = {
			isa = PBXContainerItemProxy;
			containerPortal = DD0128151E94B186007A0F6E /* Project object */;
			proxyType = 1;
			remoteGlobalIDString = DD01281C1E94B186007A0F6E;
			remoteInfo = "Project 01 - GGArtistry";
		};
/* End PBXContainerItemProxy section */

/* Begin PBXFileReference section */
		0B36D412E6E5A56E9E92FA57 /* Pods-Project 01 - GGArtistryUITests.debug.xcconfig */ = {isa = PBXFileReference; includeInIndex = 1; lastKnownFileType = text.xcconfig; name = "Pods-Project 01 - GGArtistryUITests.debug.xcconfig"; path = "Pods/Target Support Files/Pods-Project 01 - GGArtistryUITests/Pods-Project 01 - GGArtistryUITests.debug.xcconfig"; sourceTree = "<group>"; };
		223350FE79AB65E93E90C4CF /* Pods-Project 01 - GGArtistryUITests.release.xcconfig */ = {isa = PBXFileReference; includeInIndex = 1; lastKnownFileType = text.xcconfig; name = "Pods-Project 01 - GGArtistryUITests.release.xcconfig"; path = "Pods/Target Support Files/Pods-Project 01 - GGArtistryUITests/Pods-Project 01 - GGArtistryUITests.release.xcconfig"; sourceTree = "<group>"; };
		362D4EB09CE55336579120F1 /* Pods_Project_01___GGArtistry.framework */ = {isa = PBXFileReference; explicitFileType = wrapper.framework; includeInIndex = 0; path = "Pods_Project_01___GGArtistry.framework"; sourceTree = BUILT_PRODUCTS_DIR; };
		427C45204F038A0CA3F4EB77 /* Pods_Project_01___GGArtistryTests.framework */ = {isa = PBXFileReference; explicitFileType = wrapper.framework; includeInIndex = 0; path = "Pods_Project_01___GGArtistryTests.framework"; sourceTree = BUILT_PRODUCTS_DIR; };
		49439B2CD6C3E1C74CF15099 /* Pods-Project 01 - GGArtistryTests.release.xcconfig */ = {isa = PBXFileReference; includeInIndex = 1; lastKnownFileType = text.xcconfig; name = "Pods-Project 01 - GGArtistryTests.release.xcconfig"; path = "Pods/Target Support Files/Pods-Project 01 - GGArtistryTests/Pods-Project 01 - GGArtistryTests.release.xcconfig"; sourceTree = "<group>"; };
		5A43CFD0BEC81EE59DEF31D7 /* Pods-Project 01 - GGArtistry.release.xcconfig */ = {isa = PBXFileReference; includeInIndex = 1; lastKnownFileType = text.xcconfig; name = "Pods-Project 01 - GGArtistry.release.xcconfig"; path = "Pods/Target Support Files/Pods-Project 01 - GGArtistry/Pods-Project 01 - GGArtistry.release.xcconfig"; sourceTree = "<group>"; };
		A93A2775B53FC34187DB5FB5 /* Pods-Project 01 - GGArtistry.debug.xcconfig */ = {isa = PBXFileReference; includeInIndex = 1; lastKnownFileType = text.xcconfig; name = "Pods-Project 01 - GGArtistry.debug.xcconfig"; path = "Pods/Target Support Files/Pods-Project 01 - GGArtistry/Pods-Project 01 - GGArtistry.debug.xcconfig"; sourceTree = "<group>"; };
		B5A101A4FE7D6CC88533C003 /* Pods_Project_01___GGArtistryUITests.framework */ = {isa = PBXFileReference; explicitFileType = wrapper.framework; includeInIndex = 0; path = "Pods_Project_01___GGArtistryUITests.framework"; sourceTree = BUILT_PRODUCTS_DIR; };
		C348D596791DB71BF4C88C79 /* Pods-Project 01 - GGArtistryTests.debug.xcconfig */ = {isa = PBXFileReference; includeInIndex = 1; lastKnownFileType = text.xcconfig; name = "Pods-Project 01 - GGArtistryTests.debug.xcconfig"; path = "Pods/Target Support Files/Pods-Project 01 - GGArtistryTests/Pods-Project 01 - GGArtistryTests.debug.xcconfig"; sourceTree = "<group>"; };
		DD01281D1E94B186007A0F6E /* Project 01 - GGArtistry.app */ = {isa = PBXFileReference; explicitFileType = wrapper.application; includeInIndex = 0; path = "Project 01 - GGArtistry.app"; sourceTree = BUILT_PRODUCTS_DIR; };
		DD0128201E94B186007A0F6E /* AppDelegate.swift */ = {isa = PBXFileReference; lastKnownFileType = sourcecode.swift; path = AppDelegate.swift; sourceTree = "<group>"; };
		DD0128271E94B186007A0F6E /* Assets.xcassets */ = {isa = PBXFileReference; lastKnownFileType = folder.assetcatalog; path = Assets.xcassets; sourceTree = "<group>"; };
		DD01282A1E94B186007A0F6E /* Base */ = {isa = PBXFileReference; lastKnownFileType = file.storyboard; name = Base; path = Base.lproj/LaunchScreen.storyboard; sourceTree = "<group>"; };
		DD01282C1E94B186007A0F6E /* Info.plist */ = {isa = PBXFileReference; lastKnownFileType = text.plist.xml; path = Info.plist; sourceTree = "<group>"; };
		DD0128311E94B186007A0F6E /* Project 01 - GGArtistryTests.xctest */ = {isa = PBXFileReference; explicitFileType = wrapper.cfbundle; includeInIndex = 0; path = "Project 01 - GGArtistryTests.xctest"; sourceTree = BUILT_PRODUCTS_DIR; };
		DD0128351E94B186007A0F6E /* Project_01___GGArtistryTests.swift */ = {isa = PBXFileReference; lastKnownFileType = sourcecode.swift; path = "Project_01___GGArtistryTests.swift"; sourceTree = "<group>"; };
		DD0128371E94B186007A0F6E /* Info.plist */ = {isa = PBXFileReference; lastKnownFileType = text.plist.xml; path = Info.plist; sourceTree = "<group>"; };
		DD01283C1E94B186007A0F6E /* Project 01 - GGArtistryUITests.xctest */ = {isa = PBXFileReference; explicitFileType = wrapper.cfbundle; includeInIndex = 0; path = "Project 01 - GGArtistryUITests.xctest"; sourceTree = BUILT_PRODUCTS_DIR; };
		DD0128401E94B186007A0F6E /* Project_01___GGArtistryUITests.swift */ = {isa = PBXFileReference; lastKnownFileType = sourcecode.swift; path = "Project_01___GGArtistryUITests.swift"; sourceTree = "<group>"; };
		DD0128421E94B186007A0F6E /* Info.plist */ = {isa = PBXFileReference; lastKnownFileType = text.plist.xml; path = Info.plist; sourceTree = "<group>"; };
		DD13C4DC1E97861B00904EF3 /* artists.json */ = {isa = PBXFileReference; fileEncoding = 4; lastKnownFileType = text.json; path = artists.json; sourceTree = "<group>"; };
		DD13C4DF1E9788F400904EF3 /* GGArtistModel.swift */ = {isa = PBXFileReference; fileEncoding = 4; lastKnownFileType = sourcecode.swift; path = GGArtistModel.swift; sourceTree = "<group>"; };
		DD13C4E21E9788F400904EF3 /* GGArtistryListVC.swift */ = {isa = PBXFileReference; fileEncoding = 4; lastKnownFileType = sourcecode.swift; path = GGArtistryListVC.swift; sourceTree = "<group>"; };
		DD13C4E31E9788F400904EF3 /* GGArtistryListVC.xib */ = {isa = PBXFileReference; fileEncoding = 4; lastKnownFileType = file.xib; path = GGArtistryListVC.xib; sourceTree = "<group>"; };
		DD13C4E71E97899000904EF3 /* GGWorkModel.swift */ = {isa = PBXFileReference; fileEncoding = 4; lastKnownFileType = sourcecode.swift; path = GGWorkModel.swift; sourceTree = "<group>"; };
		DD13C4EB1E978AEF00904EF3 /* GGArtistryCell.swift */ = {isa = PBXFileReference; fileEncoding = 4; lastKnownFileType = sourcecode.swift; path = GGArtistryCell.swift; sourceTree = "<group>"; };
		DD13C4EC1E978AEF00904EF3 /* GGArtistryCell.xib */ = {isa = PBXFileReference; fileEncoding = 4; lastKnownFileType = file.xib; path = GGArtistryCell.xib; sourceTree = "<group>"; };
		DD337C571E9CB83300CAE19D /* GGBaseCellProtocol.swift */ = {isa = PBXFileReference; fileEncoding = 4; lastKnownFileType = sourcecode.swift; path = GGBaseCellProtocol.swift; sourceTree = "<group>"; };
		DD79A10D1E9DDC6E00677EE2 /* GGWorkDetailVC.swift */ = {isa = PBXFileReference; fileEncoding = 4; lastKnownFileType = sourcecode.swift; path = GGWorkDetailVC.swift; sourceTree = "<group>"; };
		DD79A10E1E9DDC6E00677EE2 /* GGWorkDetailVC.xib */ = {isa = PBXFileReference; fileEncoding = 4; lastKnownFileType = file.xib; path = GGWorkDetailVC.xib; sourceTree = "<group>"; };
		DDE3C60D1E9E1AAC00FC57A1 /* GGWorkCell.swift */ = {isa = PBXFileReference; fileEncoding = 4; lastKnownFileType = sourcecode.swift; path = GGWorkCell.swift; sourceTree = "<group>"; };
		DDE3C60E1E9E1AAC00FC57A1 /* GGWorkCell.xib */ = {isa = PBXFileReference; fileEncoding = 4; lastKnownFileType = file.xib; path = GGWorkCell.xib; sourceTree = "<group>"; };
/* End PBXFileReference section */

/* Begin PBXFrameworksBuildPhase section */
		DD01281A1E94B186007A0F6E /* Frameworks */ = {
			isa = PBXFrameworksBuildPhase;
			buildActionMask = 2147483647;
			files = (
				5D5F971333C28CE84989A4C3 /* Pods_Project_01___GGArtistry.framework in Frameworks */,
			);
			runOnlyForDeploymentPostprocessing = 0;
		};
		DD01282E1E94B186007A0F6E /* Frameworks */ = {
			isa = PBXFrameworksBuildPhase;
			buildActionMask = 2147483647;
			files = (
				AA0F269B6646F969537F0C10 /* Pods_Project_01___GGArtistryTests.framework in Frameworks */,
			);
			runOnlyForDeploymentPostprocessing = 0;
		};
		DD0128391E94B186007A0F6E /* Frameworks */ = {
			isa = PBXFrameworksBuildPhase;
			buildActionMask = 2147483647;
			files = (
				2AFA647FE3FF2E38999ABF61 /* Pods_Project_01___GGArtistryUITests.framework in Frameworks */,
			);
			runOnlyForDeploymentPostprocessing = 0;
		};
/* End PBXFrameworksBuildPhase section */

/* Begin PBXGroup section */
		DD0128141E94B186007A0F6E = {
			isa = PBXGroup;
			children = (
				DD01281F1E94B186007A0F6E /* Project 01 - GGArtistry */,
				DD0128341E94B186007A0F6E /* Project 01 - GGArtistryTests */,
				DD01283F1E94B186007A0F6E /* Project 01 - GGArtistryUITests */,
				DD01281E1E94B186007A0F6E /* Products */,
				FAF816EEFC4393427FCAEB98 /* Pods */,
				F8DE51654E9B931FC56857F1 /* Frameworks */,
			);
			sourceTree = "<group>";
		};
		DD01281E1E94B186007A0F6E /* Products */ = {
			isa = PBXGroup;
			children = (
				DD01281D1E94B186007A0F6E /* Project 01 - GGArtistry.app */,
				DD0128311E94B186007A0F6E /* Project 01 - GGArtistryTests.xctest */,
				DD01283C1E94B186007A0F6E /* Project 01 - GGArtistryUITests.xctest */,
			);
			name = Products;
			sourceTree = "<group>";
		};
		DD01281F1E94B186007A0F6E /* Project 01 - GGArtistry */ = {
			isa = PBXGroup;
			children = (
				DD337C561E9CB7D000CAE19D /* Util */,
				DD13C4E91E978AEF00904EF3 /* CustomViews */,
				DD13C4DE1E9788F400904EF3 /* Models */,
				DD13C4E01E9788F400904EF3 /* Viewcontrollers */,
				DD13C4DB1E97848E00904EF3 /* Resources */,
				DD0128201E94B186007A0F6E /* AppDelegate.swift */,
				DD0128271E94B186007A0F6E /* Assets.xcassets */,
				DD0128291E94B186007A0F6E /* LaunchScreen.storyboard */,
				DD01282C1E94B186007A0F6E /* Info.plist */,
			);
			path = "Project 01 - GGArtistry";
			sourceTree = "<group>";
		};
		DD0128341E94B186007A0F6E /* Project 01 - GGArtistryTests */ = {
			isa = PBXGroup;
			children = (
				DD0128351E94B186007A0F6E /* Project_01___GGArtistryTests.swift */,
				DD0128371E94B186007A0F6E /* Info.plist */,
			);
			path = "Project 01 - GGArtistryTests";
			sourceTree = "<group>";
		};
		DD01283F1E94B186007A0F6E /* Project 01 - GGArtistryUITests */ = {
			isa = PBXGroup;
			children = (
				DD0128401E94B186007A0F6E /* Project_01___GGArtistryUITests.swift */,
				DD0128421E94B186007A0F6E /* Info.plist */,
			);
			path = "Project 01 - GGArtistryUITests";
			sourceTree = "<group>";
		};
		DD13C4DB1E97848E00904EF3 /* Resources */ = {
			isa = PBXGroup;
			children = (
				DD13C4DC1E97861B00904EF3 /* artists.json */,
			);
			path = Resources;
			sourceTree = "<group>";
		};
		DD13C4DE1E9788F400904EF3 /* Models */ = {
			isa = PBXGroup;
			children = (
				DD13C4DF1E9788F400904EF3 /* GGArtistModel.swift */,
				DD13C4E71E97899000904EF3 /* GGWorkModel.swift */,
			);
			path = Models;
			sourceTree = "<group>";
		};
		DD13C4E01E9788F400904EF3 /* Viewcontrollers */ = {
			isa = PBXGroup;
			children = (
				DD79A10C1E9DCAE600677EE2 /* Work */,
				DD13C4E11E9788F400904EF3 /* ArtistryList */,
			);
			path = Viewcontrollers;
			sourceTree = "<group>";
		};
		DD13C4E11E9788F400904EF3 /* ArtistryList */ = {
			isa = PBXGroup;
			children = (
				DD13C4E21E9788F400904EF3 /* GGArtistryListVC.swift */,
				DD13C4E31E9788F400904EF3 /* GGArtistryListVC.xib */,
			);
			path = ArtistryList;
			sourceTree = "<group>";
		};
		DD13C4E91E978AEF00904EF3 /* CustomViews */ = {
			isa = PBXGroup;
			children = (
				DDE3C60C1E9E08EF00FC57A1 /* WorkCell */,
				DD13C4EA1E978AEF00904EF3 /* ArtistryCell */,
			);
			path = CustomViews;
			sourceTree = "<group>";
		};
		DD13C4EA1E978AEF00904EF3 /* ArtistryCell */ = {
			isa = PBXGroup;
			children = (
				DD13C4EB1E978AEF00904EF3 /* GGArtistryCell.swift */,
				DD13C4EC1E978AEF00904EF3 /* GGArtistryCell.xib */,
			);
			path = ArtistryCell;
			sourceTree = "<group>";
		};
		DD337C561E9CB7D000CAE19D /* Util */ = {
			isa = PBXGroup;
			children = (
				DD337C571E9CB83300CAE19D /* GGBaseCellProtocol.swift */,
			);
			path = Util;
			sourceTree = "<group>";
		};
		DD79A10C1E9DCAE600677EE2 /* Work */ = {
			isa = PBXGroup;
			children = (
				DD79A10D1E9DDC6E00677EE2 /* GGWorkDetailVC.swift */,
				DD79A10E1E9DDC6E00677EE2 /* GGWorkDetailVC.xib */,
			);
			path = Work;
			sourceTree = "<group>";
		};
		DDE3C60C1E9E08EF00FC57A1 /* WorkCell */ = {
			isa = PBXGroup;
			children = (
				DDE3C60D1E9E1AAC00FC57A1 /* GGWorkCell.swift */,
				DDE3C60E1E9E1AAC00FC57A1 /* GGWorkCell.xib */,
			);
			path = WorkCell;
			sourceTree = "<group>";
		};
		F8DE51654E9B931FC56857F1 /* Frameworks */ = {
			isa = PBXGroup;
			children = (
				362D4EB09CE55336579120F1 /* Pods_Project_01___GGArtistry.framework */,
				427C45204F038A0CA3F4EB77 /* Pods_Project_01___GGArtistryTests.framework */,
				B5A101A4FE7D6CC88533C003 /* Pods_Project_01___GGArtistryUITests.framework */,
			);
			name = Frameworks;
			sourceTree = "<group>";
		};
		FAF816EEFC4393427FCAEB98 /* Pods */ = {
			isa = PBXGroup;
			children = (
				A93A2775B53FC34187DB5FB5 /* Pods-Project 01 - GGArtistry.debug.xcconfig */,
				5A43CFD0BEC81EE59DEF31D7 /* Pods-Project 01 - GGArtistry.release.xcconfig */,
				C348D596791DB71BF4C88C79 /* Pods-Project 01 - GGArtistryTests.debug.xcconfig */,
				49439B2CD6C3E1C74CF15099 /* Pods-Project 01 - GGArtistryTests.release.xcconfig */,
				0B36D412E6E5A56E9E92FA57 /* Pods-Project 01 - GGArtistryUITests.debug.xcconfig */,
				223350FE79AB65E93E90C4CF /* Pods-Project 01 - GGArtistryUITests.release.xcconfig */,
			);
			name = Pods;
			sourceTree = "<group>";
		};
/* End PBXGroup section */

/* Begin PBXNativeTarget section */
		DD01281C1E94B186007A0F6E /* Project 01 - GGArtistry */ = {
			isa = PBXNativeTarget;
			buildConfigurationList = DD0128451E94B186007A0F6E /* Build configuration list for PBXNativeTarget "Project 01 - GGArtistry" */;
			buildPhases = (
				8055C5A8F7F882F330A02CEC /* [CP] Check Pods Manifest.lock */,
				DD0128191E94B186007A0F6E /* Sources */,
				DD01281A1E94B186007A0F6E /* Frameworks */,
				DD01281B1E94B186007A0F6E /* Resources */,
				FF82976A0733C5ECA4F54305 /* [CP] Embed Pods Frameworks */,
				DB4333CCB36ED5365F8B3337 /* [CP] Copy Pods Resources */,
			);
			buildRules = (
			);
			dependencies = (
			);
			name = "Project 01 - GGArtistry";
			productName = "Project 01 - GGArtistry";
			productReference = DD01281D1E94B186007A0F6E /* Project 01 - GGArtistry.app */;
			productType = "com.apple.product-type.application";
		};
		DD0128301E94B186007A0F6E /* Project 01 - GGArtistryTests */ = {
			isa = PBXNativeTarget;
			buildConfigurationList = DD0128481E94B186007A0F6E /* Build configuration list for PBXNativeTarget "Project 01 - GGArtistryTests" */;
			buildPhases = (
				54BF93A1B87F449715BE453E /* [CP] Check Pods Manifest.lock */,
				DD01282D1E94B186007A0F6E /* Sources */,
				DD01282E1E94B186007A0F6E /* Frameworks */,
				DD01282F1E94B186007A0F6E /* Resources */,
				7D89DAE5A94B0407BA44268C /* [CP] Embed Pods Frameworks */,
				29FE16BE845F3384955247E9 /* [CP] Copy Pods Resources */,
			);
			buildRules = (
			);
			dependencies = (
				DD0128331E94B186007A0F6E /* PBXTargetDependency */,
			);
			name = "Project 01 - GGArtistryTests";
			productName = "Project 01 - GGArtistryTests";
			productReference = DD0128311E94B186007A0F6E /* Project 01 - GGArtistryTests.xctest */;
			productType = "com.apple.product-type.bundle.unit-test";
		};
		DD01283B1E94B186007A0F6E /* Project 01 - GGArtistryUITests */ = {
			isa = PBXNativeTarget;
			buildConfigurationList = DD01284B1E94B186007A0F6E /* Build configuration list for PBXNativeTarget "Project 01 - GGArtistryUITests" */;
			buildPhases = (
				8F3EA782DC4DBDD06702E00A /* [CP] Check Pods Manifest.lock */,
				DD0128381E94B186007A0F6E /* Sources */,
				DD0128391E94B186007A0F6E /* Frameworks */,
				DD01283A1E94B186007A0F6E /* Resources */,
				9B1D2296E9FFD6627D9AE0FD /* [CP] Embed Pods Frameworks */,
				37FF74FD07F482AB54BA9CA4 /* [CP] Copy Pods Resources */,
			);
			buildRules = (
			);
			dependencies = (
				DD01283E1E94B186007A0F6E /* PBXTargetDependency */,
			);
			name = "Project 01 - GGArtistryUITests";
			productName = "Project 01 - GGArtistryUITests";
			productReference = DD01283C1E94B186007A0F6E /* Project 01 - GGArtistryUITests.xctest */;
			productType = "com.apple.product-type.bundle.ui-testing";
		};
/* End PBXNativeTarget section */

/* Begin PBXProject section */
		DD0128151E94B186007A0F6E /* Project object */ = {
			isa = PBXProject;
			attributes = {
				LastSwiftUpdateCheck = 0830;
				LastUpgradeCheck = 0830;
				ORGANIZATIONNAME = viethq;
				TargetAttributes = {
					DD01281C1E94B186007A0F6E = {
						CreatedOnToolsVersion = 8.3;
						ProvisioningStyle = Automatic;
					};
					DD0128301E94B186007A0F6E = {
						CreatedOnToolsVersion = 8.3;
						ProvisioningStyle = Automatic;
						TestTargetID = DD01281C1E94B186007A0F6E;
					};
					DD01283B1E94B186007A0F6E = {
						CreatedOnToolsVersion = 8.3;
						ProvisioningStyle = Automatic;
						TestTargetID = DD01281C1E94B186007A0F6E;
					};
				};
			};
			buildConfigurationList = DD0128181E94B186007A0F6E /* Build configuration list for PBXProject "Project 01 - GGArtistry" */;
			compatibilityVersion = "Xcode 3.2";
			developmentRegion = English;
			hasScannedForEncodings = 0;
			knownRegions = (
				en,
				Base,
			);
			mainGroup = DD0128141E94B186007A0F6E;
			productRefGroup = DD01281E1E94B186007A0F6E /* Products */;
			projectDirPath = "";
			projectRoot = "";
			targets = (
				DD01281C1E94B186007A0F6E /* Project 01 - GGArtistry */,
				DD0128301E94B186007A0F6E /* Project 01 - GGArtistryTests */,
				DD01283B1E94B186007A0F6E /* Project 01 - GGArtistryUITests */,
			);
		};
/* End PBXProject section */

/* Begin PBXResourcesBuildPhase section */
		DD01281B1E94B186007A0F6E /* Resources */ = {
			isa = PBXResourcesBuildPhase;
			buildActionMask = 2147483647;
			files = (
				DD79A1101E9DDC6E00677EE2 /* GGWorkDetailVC.xib in Resources */,
				DD13C4EE1E978AEF00904EF3 /* GGArtistryCell.xib in Resources */,
				DD01282B1E94B186007A0F6E /* LaunchScreen.storyboard in Resources */,
				DDE3C6101E9E1AAC00FC57A1 /* GGWorkCell.xib in Resources */,
				DD0128281E94B186007A0F6E /* Assets.xcassets in Resources */,
				DD13C4E61E9788F400904EF3 /* GGArtistryListVC.xib in Resources */,
				DD13C4DD1E97861B00904EF3 /* artists.json in Resources */,
			);
			runOnlyForDeploymentPostprocessing = 0;
		};
		DD01282F1E94B186007A0F6E /* Resources */ = {
			isa = PBXResourcesBuildPhase;
			buildActionMask = 2147483647;
			files = (
			);
			runOnlyForDeploymentPostprocessing = 0;
		};
		DD01283A1E94B186007A0F6E /* Resources */ = {
			isa = PBXResourcesBuildPhase;
			buildActionMask = 2147483647;
			files = (
			);
			runOnlyForDeploymentPostprocessing = 0;
		};
/* End PBXResourcesBuildPhase section */

/* Begin PBXShellScriptBuildPhase section */
		29FE16BE845F3384955247E9 /* [CP] Copy Pods Resources */ = {
			isa = PBXShellScriptBuildPhase;
			buildActionMask = 2147483647;
			files = (
			);
			inputPaths = (
			);
			name = "[CP] Copy Pods Resources";
			outputPaths = (
			);
			runOnlyForDeploymentPostprocessing = 0;
			shellPath = /bin/sh;
			shellScript = "\"${SRCROOT}/Pods/Target Support Files/Pods-Project 01 - GGArtistryTests/Pods-Project 01 - GGArtistryTests-resources.sh\"\n";
			showEnvVarsInLog = 0;
		};
		37FF74FD07F482AB54BA9CA4 /* [CP] Copy Pods Resources */ = {
			isa = PBXShellScriptBuildPhase;
			buildActionMask = 2147483647;
			files = (
			);
			inputPaths = (
			);
			name = "[CP] Copy Pods Resources";
			outputPaths = (
			);
			runOnlyForDeploymentPostprocessing = 0;
			shellPath = /bin/sh;
			shellScript = "\"${SRCROOT}/Pods/Target Support Files/Pods-Project 01 - GGArtistryUITests/Pods-Project 01 - GGArtistryUITests-resources.sh\"\n";
			showEnvVarsInLog = 0;
		};
		54BF93A1B87F449715BE453E /* [CP] Check Pods Manifest.lock */ = {
			isa = PBXShellScriptBuildPhase;
			buildActionMask = 2147483647;
			files = (
			);
			inputPaths = (
			);
			name = "[CP] Check Pods Manifest.lock";
			outputPaths = (
			);
			runOnlyForDeploymentPostprocessing = 0;
			shellPath = /bin/sh;
			shellScript = "diff \"${PODS_ROOT}/../Podfile.lock\" \"${PODS_ROOT}/Manifest.lock\" > /dev/null\nif [ $? != 0 ] ; then\n    # print error to STDERR\n    echo \"error: The sandbox is not in sync with the Podfile.lock. Run 'pod install' or update your CocoaPods installation.\" >&2\n    exit 1\nfi\n";
			showEnvVarsInLog = 0;
		};
		7D89DAE5A94B0407BA44268C /* [CP] Embed Pods Frameworks */ = {
			isa = PBXShellScriptBuildPhase;
			buildActionMask = 2147483647;
			files = (
			);
			inputPaths = (
			);
			name = "[CP] Embed Pods Frameworks";
			outputPaths = (
			);
			runOnlyForDeploymentPostprocessing = 0;
			shellPath = /bin/sh;
			shellScript = "\"${SRCROOT}/Pods/Target Support Files/Pods-Project 01 - GGArtistryTests/Pods-Project 01 - GGArtistryTests-frameworks.sh\"\n";
			showEnvVarsInLog = 0;
		};
		8055C5A8F7F882F330A02CEC /* [CP] Check Pods Manifest.lock */ = {
			isa = PBXShellScriptBuildPhase;
			buildActionMask = 2147483647;
			files = (
			);
			inputPaths = (
			);
			name = "[CP] Check Pods Manifest.lock";
			outputPaths = (
			);
			runOnlyForDeploymentPostprocessing = 0;
			shellPath = /bin/sh;
			shellScript = "diff \"${PODS_ROOT}/../Podfile.lock\" \"${PODS_ROOT}/Manifest.lock\" > /dev/null\nif [ $? != 0 ] ; then\n    # print error to STDERR\n    echo \"error: The sandbox is not in sync with the Podfile.lock. Run 'pod install' or update your CocoaPods installation.\" >&2\n    exit 1\nfi\n";
			showEnvVarsInLog = 0;
		};
		8F3EA782DC4DBDD06702E00A /* [CP] Check Pods Manifest.lock */ = {
			isa = PBXShellScriptBuildPhase;
			buildActionMask = 2147483647;
			files = (
			);
			inputPaths = (
			);
			name = "[CP] Check Pods Manifest.lock";
			outputPaths = (
			);
			runOnlyForDeploymentPostprocessing = 0;
			shellPath = /bin/sh;
			shellScript = "diff \"${PODS_ROOT}/../Podfile.lock\" \"${PODS_ROOT}/Manifest.lock\" > /dev/null\nif [ $? != 0 ] ; then\n    # print error to STDERR\n    echo \"error: The sandbox is not in sync with the Podfile.lock. Run 'pod install' or update your CocoaPods installation.\" >&2\n    exit 1\nfi\n";
			showEnvVarsInLog = 0;
		};
		9B1D2296E9FFD6627D9AE0FD /* [CP] Embed Pods Frameworks */ = {
			isa = PBXShellScriptBuildPhase;
			buildActionMask = 2147483647;
			files = (
			);
			inputPaths = (
			);
			name = "[CP] Embed Pods Frameworks";
			outputPaths = (
			);
			runOnlyForDeploymentPostprocessing = 0;
			shellPath = /bin/sh;
			shellScript = "\"${SRCROOT}/Pods/Target Support Files/Pods-Project 01 - GGArtistryUITests/Pods-Project 01 - GGArtistryUITests-frameworks.sh\"\n";
			showEnvVarsInLog = 0;
		};
		DB4333CCB36ED5365F8B3337 /* [CP] Copy Pods Resources */ = {
			isa = PBXShellScriptBuildPhase;
			buildActionMask = 2147483647;
			files = (
			);
			inputPaths = (
			);
			name = "[CP] Copy Pods Resources";
			outputPaths = (
			);
			runOnlyForDeploymentPostprocessing = 0;
			shellPath = /bin/sh;
			shellScript = "\"${SRCROOT}/Pods/Target Support Files/Pods-Project 01 - GGArtistry/Pods-Project 01 - GGArtistry-resources.sh\"\n";
			showEnvVarsInLog = 0;
		};
		FF82976A0733C5ECA4F54305 /* [CP] Embed Pods Frameworks */ = {
			isa = PBXShellScriptBuildPhase;
			buildActionMask = 2147483647;
			files = (
			);
			inputPaths = (
			);
			name = "[CP] Embed Pods Frameworks";
			outputPaths = (
			);
			runOnlyForDeploymentPostprocessing = 0;
			shellPath = /bin/sh;
			shellScript = "\"${SRCROOT}/Pods/Target Support Files/Pods-Project 01 - GGArtistry/Pods-Project 01 - GGArtistry-frameworks.sh\"\n";
			showEnvVarsInLog = 0;
		};
/* End PBXShellScriptBuildPhase section */

/* Begin PBXSourcesBuildPhase section */
		DD0128191E94B186007A0F6E /* Sources */ = {
			isa = PBXSourcesBuildPhase;
			buildActionMask = 2147483647;
			files = (
				DD13C4E41E9788F400904EF3 /* GGArtistModel.swift in Sources */,
				DD13C4E51E9788F400904EF3 /* GGArtistryListVC.swift in Sources */,
				DD13C4ED1E978AEF00904EF3 /* GGArtistryCell.swift in Sources */,
				DD13C4E81E97899000904EF3 /* GGWorkModel.swift in Sources */,
				DDE3C60F1E9E1AAC00FC57A1 /* GGWorkCell.swift in Sources */,
				DD337C581E9CB83300CAE19D /* GGBaseCellProtocol.swift in Sources */,
				DD0128211E94B186007A0F6E /* AppDelegate.swift in Sources */,
				DD79A10F1E9DDC6E00677EE2 /* GGWorkDetailVC.swift in Sources */,
			);
			runOnlyForDeploymentPostprocessing = 0;
		};
		DD01282D1E94B186007A0F6E /* Sources */ = {
			isa = PBXSourcesBuildPhase;
			buildActionMask = 2147483647;
			files = (
				DD0128361E94B186007A0F6E /* Project_01___GGArtistryTests.swift in Sources */,
			);
			runOnlyForDeploymentPostprocessing = 0;
		};
		DD0128381E94B186007A0F6E /* Sources */ = {
			isa = PBXSourcesBuildPhase;
			buildActionMask = 2147483647;
			files = (
				DD0128411E94B186007A0F6E /* Project_01___GGArtistryUITests.swift in Sources */,
			);
			runOnlyForDeploymentPostprocessing = 0;
		};
/* End PBXSourcesBuildPhase section */

/* Begin PBXTargetDependency section */
		DD0128331E94B186007A0F6E /* PBXTargetDependency */ = {
			isa = PBXTargetDependency;
			target = DD01281C1E94B186007A0F6E /* Project 01 - GGArtistry */;
			targetProxy = DD0128321E94B186007A0F6E /* PBXContainerItemProxy */;
		};
		DD01283E1E94B186007A0F6E /* PBXTargetDependency */ = {
			isa = PBXTargetDependency;
			target = DD01281C1E94B186007A0F6E /* Project 01 - GGArtistry */;
			targetProxy = DD01283D1E94B186007A0F6E /* PBXContainerItemProxy */;
		};
/* End PBXTargetDependency section */

/* Begin PBXVariantGroup section */
		DD0128291E94B186007A0F6E /* LaunchScreen.storyboard */ = {
			isa = PBXVariantGroup;
			children = (
				DD01282A1E94B186007A0F6E /* Base */,
			);
			name = LaunchScreen.storyboard;
			sourceTree = "<group>";
		};
/* End PBXVariantGroup section */

/* Begin XCBuildConfiguration section */
		DD0128431E94B186007A0F6E /* Debug */ = {
			isa = XCBuildConfiguration;
			buildSettings = {
				ALWAYS_SEARCH_USER_PATHS = NO;
				CLANG_ANALYZER_NONNULL = YES;
				CLANG_ANALYZER_NUMBER_OBJECT_CONVERSION = YES_AGGRESSIVE;
				CLANG_CXX_LANGUAGE_STANDARD = "gnu++0x";
				CLANG_CXX_LIBRARY = "libc++";
				CLANG_ENABLE_MODULES = YES;
				CLANG_ENABLE_OBJC_ARC = YES;
				CLANG_WARN_BOOL_CONVERSION = YES;
				CLANG_WARN_CONSTANT_CONVERSION = YES;
				CLANG_WARN_DIRECT_OBJC_ISA_USAGE = YES_ERROR;
				CLANG_WARN_DOCUMENTATION_COMMENTS = YES;
				CLANG_WARN_EMPTY_BODY = YES;
				CLANG_WARN_ENUM_CONVERSION = YES;
				CLANG_WARN_INFINITE_RECURSION = YES;
				CLANG_WARN_INT_CONVERSION = YES;
				CLANG_WARN_OBJC_ROOT_CLASS = YES_ERROR;
				CLANG_WARN_SUSPICIOUS_MOVE = YES;
				CLANG_WARN_UNREACHABLE_CODE = YES;
				CLANG_WARN__DUPLICATE_METHOD_MATCH = YES;
				"CODE_SIGN_IDENTITY[sdk=iphoneos*]" = "iPhone Developer";
				COPY_PHASE_STRIP = NO;
				DEBUG_INFORMATION_FORMAT = dwarf;
				ENABLE_STRICT_OBJC_MSGSEND = YES;
				ENABLE_TESTABILITY = YES;
				GCC_C_LANGUAGE_STANDARD = gnu99;
				GCC_DYNAMIC_NO_PIC = NO;
				GCC_NO_COMMON_BLOCKS = YES;
				GCC_OPTIMIZATION_LEVEL = 0;
				GCC_PREPROCESSOR_DEFINITIONS = (
					"DEBUG=1",
					"$(inherited)",
				);
				GCC_WARN_64_TO_32_BIT_CONVERSION = YES;
				GCC_WARN_ABOUT_RETURN_TYPE = YES_ERROR;
				GCC_WARN_UNDECLARED_SELECTOR = YES;
				GCC_WARN_UNINITIALIZED_AUTOS = YES_AGGRESSIVE;
				GCC_WARN_UNUSED_FUNCTION = YES;
				GCC_WARN_UNUSED_VARIABLE = YES;
				IPHONEOS_DEPLOYMENT_TARGET = 10.3;
				MTL_ENABLE_DEBUG_INFO = YES;
				ONLY_ACTIVE_ARCH = YES;
				SDKROOT = iphoneos;
				SWIFT_ACTIVE_COMPILATION_CONDITIONS = DEBUG;
				SWIFT_OPTIMIZATION_LEVEL = "-Onone";
				TARGETED_DEVICE_FAMILY = "1,2";
			};
			name = Debug;
		};
		DD0128441E94B186007A0F6E /* Release */ = {
			isa = XCBuildConfiguration;
			buildSettings = {
				ALWAYS_SEARCH_USER_PATHS = NO;
				CLANG_ANALYZER_NONNULL = YES;
				CLANG_ANALYZER_NUMBER_OBJECT_CONVERSION = YES_AGGRESSIVE;
				CLANG_CXX_LANGUAGE_STANDARD = "gnu++0x";
				CLANG_CXX_LIBRARY = "libc++";
				CLANG_ENABLE_MODULES = YES;
				CLANG_ENABLE_OBJC_ARC = YES;
				CLANG_WARN_BOOL_CONVERSION = YES;
				CLANG_WARN_CONSTANT_CONVERSION = YES;
				CLANG_WARN_DIRECT_OBJC_ISA_USAGE = YES_ERROR;
				CLANG_WARN_DOCUMENTATION_COMMENTS = YES;
				CLANG_WARN_EMPTY_BODY = YES;
				CLANG_WARN_ENUM_CONVERSION = YES;
				CLANG_WARN_INFINITE_RECURSION = YES;
				CLANG_WARN_INT_CONVERSION = YES;
				CLANG_WARN_OBJC_ROOT_CLASS = YES_ERROR;
				CLANG_WARN_SUSPICIOUS_MOVE = YES;
				CLANG_WARN_UNREACHABLE_CODE = YES;
				CLANG_WARN__DUPLICATE_METHOD_MATCH = YES;
				"CODE_SIGN_IDENTITY[sdk=iphoneos*]" = "iPhone Developer";
				COPY_PHASE_STRIP = NO;
				DEBUG_INFORMATION_FORMAT = "dwarf-with-dsym";
				ENABLE_NS_ASSERTIONS = NO;
				ENABLE_STRICT_OBJC_MSGSEND = YES;
				GCC_C_LANGUAGE_STANDARD = gnu99;
				GCC_NO_COMMON_BLOCKS = YES;
				GCC_WARN_64_TO_32_BIT_CONVERSION = YES;
				GCC_WARN_ABOUT_RETURN_TYPE = YES_ERROR;
				GCC_WARN_UNDECLARED_SELECTOR = YES;
				GCC_WARN_UNINITIALIZED_AUTOS = YES_AGGRESSIVE;
				GCC_WARN_UNUSED_FUNCTION = YES;
				GCC_WARN_UNUSED_VARIABLE = YES;
				IPHONEOS_DEPLOYMENT_TARGET = 10.3;
				MTL_ENABLE_DEBUG_INFO = NO;
				SDKROOT = iphoneos;
				SWIFT_OPTIMIZATION_LEVEL = "-Owholemodule";
				TARGETED_DEVICE_FAMILY = "1,2";
				VALIDATE_PRODUCT = YES;
			};
			name = Release;
		};
		DD0128461E94B186007A0F6E /* Debug */ = {
			isa = XCBuildConfiguration;
			baseConfigurationReference = A93A2775B53FC34187DB5FB5 /* Pods-Project 01 - GGArtistry.debug.xcconfig */;
			buildSettings = {
				ASSETCATALOG_COMPILER_APPICON_NAME = AppIcon;
				DEVELOPMENT_TEAM = "";
				INFOPLIST_FILE = "Project 01 - GGArtistry/Info.plist";
				IPHONEOS_DEPLOYMENT_TARGET = 8.0;
				LD_RUNPATH_SEARCH_PATHS = "$(inherited) @executable_path/Frameworks";
				PRODUCT_BUNDLE_IDENTIFIER = "com.gg4acrossover.ggartistry.Project-01---GGArtistry";
				PRODUCT_NAME = "$(TARGET_NAME)";
				SWIFT_VERSION = 3.0;
			};
			name = Debug;
		};
		DD0128471E94B186007A0F6E /* Release */ = {
			isa = XCBuildConfiguration;
			baseConfigurationReference = 5A43CFD0BEC81EE59DEF31D7 /* Pods-Project 01 - GGArtistry.release.xcconfig */;
			buildSettings = {
				ASSETCATALOG_COMPILER_APPICON_NAME = AppIcon;
				DEVELOPMENT_TEAM = "";
				INFOPLIST_FILE = "Project 01 - GGArtistry/Info.plist";
				IPHONEOS_DEPLOYMENT_TARGET = 8.0;
				LD_RUNPATH_SEARCH_PATHS = "$(inherited) @executable_path/Frameworks";
				PRODUCT_BUNDLE_IDENTIFIER = "com.gg4acrossover.ggartistry.Project-01---GGArtistry";
				PRODUCT_NAME = "$(TARGET_NAME)";
				SWIFT_VERSION = 3.0;
			};
			name = Release;
		};
		DD0128491E94B186007A0F6E /* Debug */ = {
			isa = XCBuildConfiguration;
			baseConfigurationReference = C348D596791DB71BF4C88C79 /* Pods-Project 01 - GGArtistryTests.debug.xcconfig */;
			buildSettings = {
				ALWAYS_EMBED_SWIFT_STANDARD_LIBRARIES = YES;
				BUNDLE_LOADER = "$(TEST_HOST)";
				INFOPLIST_FILE = "Project 01 - GGArtistryTests/Info.plist";
				LD_RUNPATH_SEARCH_PATHS = "$(inherited) @executable_path/Frameworks @loader_path/Frameworks";
				PRODUCT_BUNDLE_IDENTIFIER = "com.gg4acrossover.ggartistry.Project-01---GGArtistryTests";
				PRODUCT_NAME = "$(TARGET_NAME)";
				SWIFT_VERSION = 3.0;
				TEST_HOST = "$(BUILT_PRODUCTS_DIR)/Project 01 - GGArtistry.app/Project 01 - GGArtistry";
			};
			name = Debug;
		};
		DD01284A1E94B186007A0F6E /* Release */ = {
			isa = XCBuildConfiguration;
			baseConfigurationReference = 49439B2CD6C3E1C74CF15099 /* Pods-Project 01 - GGArtistryTests.release.xcconfig */;
			buildSettings = {
				ALWAYS_EMBED_SWIFT_STANDARD_LIBRARIES = YES;
				BUNDLE_LOADER = "$(TEST_HOST)";
				INFOPLIST_FILE = "Project 01 - GGArtistryTests/Info.plist";
				LD_RUNPATH_SEARCH_PATHS = "$(inherited) @executable_path/Frameworks @loader_path/Frameworks";
				PRODUCT_BUNDLE_IDENTIFIER = "com.gg4acrossover.ggartistry.Project-01---GGArtistryTests";
				PRODUCT_NAME = "$(TARGET_NAME)";
				SWIFT_VERSION = 3.0;
				TEST_HOST = "$(BUILT_PRODUCTS_DIR)/Project 01 - GGArtistry.app/Project 01 - GGArtistry";
			};
			name = Release;
		};
		DD01284C1E94B186007A0F6E /* Debug */ = {
			isa = XCBuildConfiguration;
			baseConfigurationReference = 0B36D412E6E5A56E9E92FA57 /* Pods-Project 01 - GGArtistryUITests.debug.xcconfig */;
			buildSettings = {
				ALWAYS_EMBED_SWIFT_STANDARD_LIBRARIES = YES;
				INFOPLIST_FILE = "Project 01 - GGArtistryUITests/Info.plist";
				LD_RUNPATH_SEARCH_PATHS = "$(inherited) @executable_path/Frameworks @loader_path/Frameworks";
				PRODUCT_BUNDLE_IDENTIFIER = "com.gg4acrossover.ggartistry.Project-01---GGArtistryUITests";
				PRODUCT_NAME = "$(TARGET_NAME)";
				SWIFT_VERSION = 3.0;
				TEST_TARGET_NAME = "Project 01 - GGArtistry";
			};
			name = Debug;
		};
		DD01284D1E94B186007A0F6E /* Release */ = {
			isa = XCBuildConfiguration;
			baseConfigurationReference = 223350FE79AB65E93E90C4CF /* Pods-Project 01 - GGArtistryUITests.release.xcconfig */;
			buildSettings = {
				ALWAYS_EMBED_SWIFT_STANDARD_LIBRARIES = YES;
				INFOPLIST_FILE = "Project 01 - GGArtistryUITests/Info.plist";
				LD_RUNPATH_SEARCH_PATHS = "$(inherited) @executable_path/Frameworks @loader_path/Frameworks";
				PRODUCT_BUNDLE_IDENTIFIER = "com.gg4acrossover.ggartistry.Project-01---GGArtistryUITests";
				PRODUCT_NAME = "$(TARGET_NAME)";
				SWIFT_VERSION = 3.0;
				TEST_TARGET_NAME = "Project 01 - GGArtistry";
			};
			name = Release;
		};
/* End XCBuildConfiguration section */

/* Begin XCConfigurationList section */
		DD0128181E94B186007A0F6E /* Build configuration list for PBXProject "Project 01 - GGArtistry" */ = {
			isa = XCConfigurationList;
			buildConfigurations = (
				DD0128431E94B186007A0F6E /* Debug */,
				DD0128441E94B186007A0F6E /* Release */,
			);
			defaultConfigurationIsVisible = 0;
			defaultConfigurationName = Release;
		};
		DD0128451E94B186007A0F6E /* Build configuration list for PBXNativeTarget "Project 01 - GGArtistry" */ = {
			isa = XCConfigurationList;
			buildConfigurations = (
				DD0128461E94B186007A0F6E /* Debug */,
				DD0128471E94B186007A0F6E /* Release */,
			);
			defaultConfigurationIsVisible = 0;
			defaultConfigurationName = Release;
		};
		DD0128481E94B186007A0F6E /* Build configuration list for PBXNativeTarget "Project 01 - GGArtistryTests" */ = {
			isa = XCConfigurationList;
			buildConfigurations = (
				DD0128491E94B186007A0F6E /* Debug */,
				DD01284A1E94B186007A0F6E /* Release */,
			);
			defaultConfigurationIsVisible = 0;
			defaultConfigurationName = Release;
		};
		DD01284B1E94B186007A0F6E /* Build configuration list for PBXNativeTarget "Project 01 - GGArtistryUITests" */ = {
			isa = XCConfigurationList;
			buildConfigurations = (
				DD01284C1E94B186007A0F6E /* Debug */,
				DD01284D1E94B186007A0F6E /* Release */,
			);
			defaultConfigurationIsVisible = 0;
			defaultConfigurationName = Release;
		};
/* End XCConfigurationList section */
	};
	rootObject = DD0128151E94B186007A0F6E /* Project object */;
}
