// !$*UTF8*$!
{
	archiveVersion = 1;
	classes = {
	};
	objectVersion = 46;
	objects = {

/* Begin PBXBuildFile section */
		5A39FF4477556806F21ED520 /* Pods_Project_03__OnAPIClient.framework in Frameworks */ = {isa = PBXBuildFile; fileRef = 48BC7567E58DCF7C79CAB228 /* Pods_Project_03__OnAPIClient.framework */; };
		DD168A121ECFF35A003A152A /* AppDelegate.swift in Sources */ = {isa = PBXBuildFile; fileRef = DD168A111ECFF35A003A152A /* AppDelegate.swift */; };
		DD168A141ECFF35A003A152A /* ViewController.swift in Sources */ = {isa = PBXBuildFile; fileRef = DD168A131ECFF35A003A152A /* ViewController.swift */; };
		DD168A171ECFF35A003A152A /* Main.storyboard in Resources */ = {isa = PBXBuildFile; fileRef = DD168A151ECFF35A003A152A /* Main.storyboard */; };
		DD168A191ECFF35A003A152A /* Assets.xcassets in Resources */ = {isa = PBXBuildFile; fileRef = DD168A181ECFF35A003A152A /* Assets.xcassets */; };
		DD168A1C1ECFF35A003A152A /* LaunchScreen.storyboard in Resources */ = {isa = PBXBuildFile; fileRef = DD168A1A1ECFF35A003A152A /* LaunchScreen.storyboard */; };
		DD168A271ECFF5BE003A152A /* APISetting.swift in Sources */ = {isa = PBXBuildFile; fileRef = DD168A261ECFF5BE003A152A /* APISetting.swift */; };
		DD4FF5431EDBBC3D00427050 /* ONAPIClientHelper.swift in Sources */ = {isa = PBXBuildFile; fileRef = DD4FF5421EDBBC3D00427050 /* ONAPIClientHelper.swift */; };
		DD4FF5451EDBBE4800427050 /* ONAPIClient.swift in Sources */ = {isa = PBXBuildFile; fileRef = DD4FF5441EDBBE4800427050 /* ONAPIClient.swift */; };
		DD4FF5471EDBD60C00427050 /* ONAPIClient+Request.swift in Sources */ = {isa = PBXBuildFile; fileRef = DD4FF5461EDBD60C00427050 /* ONAPIClient+Request.swift */; };
		DDAD4AE01ED3D80300748641 /* ONRequestRouter.swift in Sources */ = {isa = PBXBuildFile; fileRef = DDAD4ADF1ED3D80300748641 /* ONRequestRouter.swift */; };
/* End PBXBuildFile section */

/* Begin PBXFileReference section */
		48BC7567E58DCF7C79CAB228 /* Pods_Project_03__OnAPIClient.framework */ = {isa = PBXFileReference; explicitFileType = wrapper.framework; includeInIndex = 0; path = Pods_Project_03__OnAPIClient.framework; sourceTree = BUILT_PRODUCTS_DIR; };
		4BD9258722A48C0F317C7E49 /* Pods-Project 03 -OnAPIClient.debug.xcconfig */ = {isa = PBXFileReference; includeInIndex = 1; lastKnownFileType = text.xcconfig; name = "Pods-Project 03 -OnAPIClient.debug.xcconfig"; path = "Pods/Target Support Files/Pods-Project 03 -OnAPIClient/Pods-Project 03 -OnAPIClient.debug.xcconfig"; sourceTree = "<group>"; };
		DD168A0E1ECFF35A003A152A /* Project 03 -OnAPIClient.app */ = {isa = PBXFileReference; explicitFileType = wrapper.application; includeInIndex = 0; path = "Project 03 -OnAPIClient.app"; sourceTree = BUILT_PRODUCTS_DIR; };
		DD168A111ECFF35A003A152A /* AppDelegate.swift */ = {isa = PBXFileReference; lastKnownFileType = sourcecode.swift; path = AppDelegate.swift; sourceTree = "<group>"; };
		DD168A131ECFF35A003A152A /* ViewController.swift */ = {isa = PBXFileReference; lastKnownFileType = sourcecode.swift; path = ViewController.swift; sourceTree = "<group>"; };
		DD168A161ECFF35A003A152A /* Base */ = {isa = PBXFileReference; lastKnownFileType = file.storyboard; name = Base; path = Base.lproj/Main.storyboard; sourceTree = "<group>"; };
		DD168A181ECFF35A003A152A /* Assets.xcassets */ = {isa = PBXFileReference; lastKnownFileType = folder.assetcatalog; path = Assets.xcassets; sourceTree = "<group>"; };
		DD168A1B1ECFF35A003A152A /* Base */ = {isa = PBXFileReference; lastKnownFileType = file.storyboard; name = Base; path = Base.lproj/LaunchScreen.storyboard; sourceTree = "<group>"; };
		DD168A1D1ECFF35A003A152A /* Info.plist */ = {isa = PBXFileReference; lastKnownFileType = text.plist.xml; path = Info.plist; sourceTree = "<group>"; };
		DD168A261ECFF5BE003A152A /* APISetting.swift */ = {isa = PBXFileReference; fileEncoding = 4; lastKnownFileType = sourcecode.swift; path = APISetting.swift; sourceTree = "<group>"; };
		DD4FF5421EDBBC3D00427050 /* ONAPIClientHelper.swift */ = {isa = PBXFileReference; fileEncoding = 4; lastKnownFileType = sourcecode.swift; path = ONAPIClientHelper.swift; sourceTree = "<group>"; };
		DD4FF5441EDBBE4800427050 /* ONAPIClient.swift */ = {isa = PBXFileReference; fileEncoding = 4; lastKnownFileType = sourcecode.swift; path = ONAPIClient.swift; sourceTree = "<group>"; };
		DD4FF5461EDBD60C00427050 /* ONAPIClient+Request.swift */ = {isa = PBXFileReference; fileEncoding = 4; lastKnownFileType = sourcecode.swift; path = "ONAPIClient+Request.swift"; sourceTree = "<group>"; };
		DDAD4ADF1ED3D80300748641 /* ONRequestRouter.swift */ = {isa = PBXFileReference; fileEncoding = 4; lastKnownFileType = sourcecode.swift; path = ONRequestRouter.swift; sourceTree = "<group>"; };
		F16C810D1EAD345500E2D64F /* Pods-Project 03 -OnAPIClient.release.xcconfig */ = {isa = PBXFileReference; includeInIndex = 1; lastKnownFileType = text.xcconfig; name = "Pods-Project 03 -OnAPIClient.release.xcconfig"; path = "Pods/Target Support Files/Pods-Project 03 -OnAPIClient/Pods-Project 03 -OnAPIClient.release.xcconfig"; sourceTree = "<group>"; };
/* End PBXFileReference section */

/* Begin PBXFrameworksBuildPhase section */
		DD168A0B1ECFF35A003A152A /* Frameworks */ = {
			isa = PBXFrameworksBuildPhase;
			buildActionMask = 2147483647;
			files = (
				5A39FF4477556806F21ED520 /* Pods_Project_03__OnAPIClient.framework in Frameworks */,
			);
			runOnlyForDeploymentPostprocessing = 0;
		};
/* End PBXFrameworksBuildPhase section */

/* Begin PBXGroup section */
		B75094D59CCD22115C0D68F8 /* Frameworks */ = {
			isa = PBXGroup;
			children = (
				48BC7567E58DCF7C79CAB228 /* Pods_Project_03__OnAPIClient.framework */,
			);
			name = Frameworks;
			sourceTree = "<group>";
		};
		C16B152D3CAF75A86FAAE0EE /* Pods */ = {
			isa = PBXGroup;
			children = (
				4BD9258722A48C0F317C7E49 /* Pods-Project 03 -OnAPIClient.debug.xcconfig */,
				F16C810D1EAD345500E2D64F /* Pods-Project 03 -OnAPIClient.release.xcconfig */,
			);
			name = Pods;
			sourceTree = "<group>";
		};
		DD168A051ECFF35A003A152A = {
			isa = PBXGroup;
			children = (
				DD168A101ECFF35A003A152A /* Project 03 -OnAPIClient */,
				DD168A0F1ECFF35A003A152A /* Products */,
				C16B152D3CAF75A86FAAE0EE /* Pods */,
				B75094D59CCD22115C0D68F8 /* Frameworks */,
			);
			sourceTree = "<group>";
		};
		DD168A0F1ECFF35A003A152A /* Products */ = {
			isa = PBXGroup;
			children = (
				DD168A0E1ECFF35A003A152A /* Project 03 -OnAPIClient.app */,
			);
			name = Products;
			sourceTree = "<group>";
		};
		DD168A101ECFF35A003A152A /* Project 03 -OnAPIClient */ = {
			isa = PBXGroup;
			children = (
				DD168A231ECFF57B003A152A /* APIClient */,
				DD168A111ECFF35A003A152A /* AppDelegate.swift */,
				DD168A131ECFF35A003A152A /* ViewController.swift */,
				DD168A151ECFF35A003A152A /* Main.storyboard */,
				DD168A181ECFF35A003A152A /* Assets.xcassets */,
				DD168A1A1ECFF35A003A152A /* LaunchScreen.storyboard */,
				DD168A1D1ECFF35A003A152A /* Info.plist */,
			);
			path = "Project 03 -OnAPIClient";
			sourceTree = "<group>";
		};
		DD168A231ECFF57B003A152A /* APIClient */ = {
			isa = PBXGroup;
			children = (
				DD168A261ECFF5BE003A152A /* APISetting.swift */,
				DDAD4ADF1ED3D80300748641 /* ONRequestRouter.swift */,
				DD4FF5421EDBBC3D00427050 /* ONAPIClientHelper.swift */,
				DD4FF5441EDBBE4800427050 /* ONAPIClient.swift */,
				DD4FF5461EDBD60C00427050 /* ONAPIClient+Request.swift */,
			);
			path = APIClient;
			sourceTree = "<group>";
		};
/* End PBXGroup section */

/* Begin PBXNativeTarget section */
		DD168A0D1ECFF35A003A152A /* Project 03 -OnAPIClient */ = {
			isa = PBXNativeTarget;
			buildConfigurationList = DD168A201ECFF35A003A152A /* Build configuration list for PBXNativeTarget "Project 03 -OnAPIClient" */;
			buildPhases = (
				E8BB74745B85BD9F06F17E11 /* [CP] Check Pods Manifest.lock */,
				DD168A0A1ECFF35A003A152A /* Sources */,
				DD168A0B1ECFF35A003A152A /* Frameworks */,
				DD168A0C1ECFF35A003A152A /* Resources */,
				0DF0CA9FC6EF3565C6F9DDE0 /* [CP] Embed Pods Frameworks */,
				97250F3B3CDF8D40D0BA2EFE /* [CP] Copy Pods Resources */,
			);
			buildRules = (
			);
			dependencies = (
			);
			name = "Project 03 -OnAPIClient";
			productName = "Project 03 -OnAPIClient";
			productReference = DD168A0E1ECFF35A003A152A /* Project 03 -OnAPIClient.app */;
			productType = "com.apple.product-type.application";
		};
/* End PBXNativeTarget section */

/* Begin PBXProject section */
		DD168A061ECFF35A003A152A /* Project object */ = {
			isa = PBXProject;
			attributes = {
				LastSwiftUpdateCheck = 0830;
				LastUpgradeCheck = 0830;
				ORGANIZATIONNAME = viethq;
				TargetAttributes = {
					DD168A0D1ECFF35A003A152A = {
						CreatedOnToolsVersion = 8.3;
						ProvisioningStyle = Automatic;
					};
				};
			};
			buildConfigurationList = DD168A091ECFF35A003A152A /* Build configuration list for PBXProject "Project 03 -OnAPIClient" */;
			compatibilityVersion = "Xcode 3.2";
			developmentRegion = English;
			hasScannedForEncodings = 0;
			knownRegions = (
				en,
				Base,
			);
			mainGroup = DD168A051ECFF35A003A152A;
			productRefGroup = DD168A0F1ECFF35A003A152A /* Products */;
			projectDirPath = "";
			projectRoot = "";
			targets = (
				DD168A0D1ECFF35A003A152A /* Project 03 -OnAPIClient */,
			);
		};
/* End PBXProject section */

/* Begin PBXResourcesBuildPhase section */
		DD168A0C1ECFF35A003A152A /* Resources */ = {
			isa = PBXResourcesBuildPhase;
			buildActionMask = 2147483647;
			files = (
				DD168A1C1ECFF35A003A152A /* LaunchScreen.storyboard in Resources */,
				DD168A191ECFF35A003A152A /* Assets.xcassets in Resources */,
				DD168A171ECFF35A003A152A /* Main.storyboard in Resources */,
			);
			runOnlyForDeploymentPostprocessing = 0;
		};
/* End PBXResourcesBuildPhase section */

/* Begin PBXShellScriptBuildPhase section */
		0DF0CA9FC6EF3565C6F9DDE0 /* [CP] Embed Pods Frameworks */ = {
			isa = PBXShellScriptBuildPhase;
			buildActionMask = 2147483647;
			files = (
			);
			inputPaths = (
			);
			name = "[CP] Embed Pods Frameworks";
			outputPaths = (
			);
			runOnlyForDeploymentPostprocessing = 0;
			shellPath = /bin/sh;
			shellScript = "\"${SRCROOT}/Pods/Target Support Files/Pods-Project 03 -OnAPIClient/Pods-Project 03 -OnAPIClient-frameworks.sh\"\n";
			showEnvVarsInLog = 0;
		};
		97250F3B3CDF8D40D0BA2EFE /* [CP] Copy Pods Resources */ = {
			isa = PBXShellScriptBuildPhase;
			buildActionMask = 2147483647;
			files = (
			);
			inputPaths = (
			);
			name = "[CP] Copy Pods Resources";
			outputPaths = (
			);
			runOnlyForDeploymentPostprocessing = 0;
			shellPath = /bin/sh;
			shellScript = "\"${SRCROOT}/Pods/Target Support Files/Pods-Project 03 -OnAPIClient/Pods-Project 03 -OnAPIClient-resources.sh\"\n";
			showEnvVarsInLog = 0;
		};
		E8BB74745B85BD9F06F17E11 /* [CP] Check Pods Manifest.lock */ = {
			isa = PBXShellScriptBuildPhase;
			buildActionMask = 2147483647;
			files = (
			);
			inputPaths = (
			);
			name = "[CP] Check Pods Manifest.lock";
			outputPaths = (
			);
			runOnlyForDeploymentPostprocessing = 0;
			shellPath = /bin/sh;
			shellScript = "diff \"${PODS_PODFILE_DIR_PATH}/Podfile.lock\" \"${PODS_ROOT}/Manifest.lock\" > /dev/null\nif [ $? != 0 ] ; then\n    # print error to STDERR\n    echo \"error: The sandbox is not in sync with the Podfile.lock. Run 'pod install' or update your CocoaPods installation.\" >&2\n    exit 1\nfi\n";
			showEnvVarsInLog = 0;
		};
/* End PBXShellScriptBuildPhase section */

/* Begin PBXSourcesBuildPhase section */
		DD168A0A1ECFF35A003A152A /* Sources */ = {
			isa = PBXSourcesBuildPhase;
			buildActionMask = 2147483647;
			files = (
				DD4FF5431EDBBC3D00427050 /* ONAPIClientHelper.swift in Sources */,
				DD168A141ECFF35A003A152A /* ViewController.swift in Sources */,
				DD168A121ECFF35A003A152A /* AppDelegate.swift in Sources */,
				DDAD4AE01ED3D80300748641 /* ONRequestRouter.swift in Sources */,
				DD4FF5451EDBBE4800427050 /* ONAPIClient.swift in Sources */,
				DD4FF5471EDBD60C00427050 /* ONAPIClient+Request.swift in Sources */,
				DD168A271ECFF5BE003A152A /* APISetting.swift in Sources */,
			);
			runOnlyForDeploymentPostprocessing = 0;
		};
/* End PBXSourcesBuildPhase section */

/* Begin PBXVariantGroup section */
		DD168A151ECFF35A003A152A /* Main.storyboard */ = {
			isa = PBXVariantGroup;
			children = (
				DD168A161ECFF35A003A152A /* Base */,
			);
			name = Main.storyboard;
			sourceTree = "<group>";
		};
		DD168A1A1ECFF35A003A152A /* LaunchScreen.storyboard */ = {
			isa = PBXVariantGroup;
			children = (
				DD168A1B1ECFF35A003A152A /* Base */,
			);
			name = LaunchScreen.storyboard;
			sourceTree = "<group>";
		};
/* End PBXVariantGroup section */

/* Begin XCBuildConfiguration section */
		DD168A1E1ECFF35A003A152A /* Debug */ = {
			isa = XCBuildConfiguration;
			buildSettings = {
				ALWAYS_SEARCH_USER_PATHS = NO;
				CLANG_ANALYZER_NONNULL = YES;
				CLANG_ANALYZER_NUMBER_OBJECT_CONVERSION = YES_AGGRESSIVE;
				CLANG_CXX_LANGUAGE_STANDARD = "gnu++0x";
				CLANG_CXX_LIBRARY = "libc++";
				CLANG_ENABLE_MODULES = YES;
				CLANG_ENABLE_OBJC_ARC = YES;
				CLANG_WARN_BOOL_CONVERSION = YES;
				CLANG_WARN_CONSTANT_CONVERSION = YES;
				CLANG_WARN_DIRECT_OBJC_ISA_USAGE = YES_ERROR;
				CLANG_WARN_DOCUMENTATION_COMMENTS = YES;
				CLANG_WARN_EMPTY_BODY = YES;
				CLANG_WARN_ENUM_CONVERSION = YES;
				CLANG_WARN_INFINITE_RECURSION = YES;
				CLANG_WARN_INT_CONVERSION = YES;
				CLANG_WARN_OBJC_ROOT_CLASS = YES_ERROR;
				CLANG_WARN_SUSPICIOUS_MOVE = YES;
				CLANG_WARN_UNREACHABLE_CODE = YES;
				CLANG_WARN__DUPLICATE_METHOD_MATCH = YES;
				"CODE_SIGN_IDENTITY[sdk=iphoneos*]" = "iPhone Developer";
				COPY_PHASE_STRIP = NO;
				DEBUG_INFORMATION_FORMAT = dwarf;
				ENABLE_STRICT_OBJC_MSGSEND = YES;
				ENABLE_TESTABILITY = YES;
				GCC_C_LANGUAGE_STANDARD = gnu99;
				GCC_DYNAMIC_NO_PIC = NO;
				GCC_NO_COMMON_BLOCKS = YES;
				GCC_OPTIMIZATION_LEVEL = 0;
				GCC_PREPROCESSOR_DEFINITIONS = (
					"DEBUG=1",
					"$(inherited)",
				);
				GCC_WARN_64_TO_32_BIT_CONVERSION = YES;
				GCC_WARN_ABOUT_RETURN_TYPE = YES_ERROR;
				GCC_WARN_UNDECLARED_SELECTOR = YES;
				GCC_WARN_UNINITIALIZED_AUTOS = YES_AGGRESSIVE;
				GCC_WARN_UNUSED_FUNCTION = YES;
				GCC_WARN_UNUSED_VARIABLE = YES;
				IPHONEOS_DEPLOYMENT_TARGET = 10.3;
				MTL_ENABLE_DEBUG_INFO = YES;
				ONLY_ACTIVE_ARCH = YES;
				SDKROOT = iphoneos;
				SWIFT_ACTIVE_COMPILATION_CONDITIONS = DEBUG;
				SWIFT_OPTIMIZATION_LEVEL = "-Onone";
				TARGETED_DEVICE_FAMILY = "1,2";
			};
			name = Debug;
		};
		DD168A1F1ECFF35A003A152A /* Release */ = {
			isa = XCBuildConfiguration;
			buildSettings = {
				ALWAYS_SEARCH_USER_PATHS = NO;
				CLANG_ANALYZER_NONNULL = YES;
				CLANG_ANALYZER_NUMBER_OBJECT_CONVERSION = YES_AGGRESSIVE;
				CLANG_CXX_LANGUAGE_STANDARD = "gnu++0x";
				CLANG_CXX_LIBRARY = "libc++";
				CLANG_ENABLE_MODULES = YES;
				CLANG_ENABLE_OBJC_ARC = YES;
				CLANG_WARN_BOOL_CONVERSION = YES;
				CLANG_WARN_CONSTANT_CONVERSION = YES;
				CLANG_WARN_DIRECT_OBJC_ISA_USAGE = YES_ERROR;
				CLANG_WARN_DOCUMENTATION_COMMENTS = YES;
				CLANG_WARN_EMPTY_BODY = YES;
				CLANG_WARN_ENUM_CONVERSION = YES;
				CLANG_WARN_INFINITE_RECURSION = YES;
				CLANG_WARN_INT_CONVERSION = YES;
				CLANG_WARN_OBJC_ROOT_CLASS = YES_ERROR;
				CLANG_WARN_SUSPICIOUS_MOVE = YES;
				CLANG_WARN_UNREACHABLE_CODE = YES;
				CLANG_WARN__DUPLICATE_METHOD_MATCH = YES;
				"CODE_SIGN_IDENTITY[sdk=iphoneos*]" = "iPhone Developer";
				COPY_PHASE_STRIP = NO;
				DEBUG_INFORMATION_FORMAT = "dwarf-with-dsym";
				ENABLE_NS_ASSERTIONS = NO;
				ENABLE_STRICT_OBJC_MSGSEND = YES;
				GCC_C_LANGUAGE_STANDARD = gnu99;
				GCC_NO_COMMON_BLOCKS = YES;
				GCC_WARN_64_TO_32_BIT_CONVERSION = YES;
				GCC_WARN_ABOUT_RETURN_TYPE = YES_ERROR;
				GCC_WARN_UNDECLARED_SELECTOR = YES;
				GCC_WARN_UNINITIALIZED_AUTOS = YES_AGGRESSIVE;
				GCC_WARN_UNUSED_FUNCTION = YES;
				GCC_WARN_UNUSED_VARIABLE = YES;
				IPHONEOS_DEPLOYMENT_TARGET = 10.3;
				MTL_ENABLE_DEBUG_INFO = NO;
				SDKROOT = iphoneos;
				SWIFT_OPTIMIZATION_LEVEL = "-Owholemodule";
				TARGETED_DEVICE_FAMILY = "1,2";
				VALIDATE_PRODUCT = YES;
			};
			name = Release;
		};
		DD168A211ECFF35A003A152A /* Debug */ = {
			isa = XCBuildConfiguration;
			baseConfigurationReference = 4BD9258722A48C0F317C7E49 /* Pods-Project 03 -OnAPIClient.debug.xcconfig */;
			buildSettings = {
				ASSETCATALOG_COMPILER_APPICON_NAME = AppIcon;
				INFOPLIST_FILE = "Project 03 -OnAPIClient/Info.plist";
				LD_RUNPATH_SEARCH_PATHS = "$(inherited) @executable_path/Frameworks";
				PRODUCT_BUNDLE_IDENTIFIER = "com.gg4acrossover.onapiclient.Project-03--OnAPIClient";
				PRODUCT_NAME = "$(TARGET_NAME)";
				SWIFT_VERSION = 3.0;
			};
			name = Debug;
		};
		DD168A221ECFF35A003A152A /* Release */ = {
			isa = XCBuildConfiguration;
			baseConfigurationReference = F16C810D1EAD345500E2D64F /* Pods-Project 03 -OnAPIClient.release.xcconfig */;
			buildSettings = {
				ASSETCATALOG_COMPILER_APPICON_NAME = AppIcon;
				INFOPLIST_FILE = "Project 03 -OnAPIClient/Info.plist";
				LD_RUNPATH_SEARCH_PATHS = "$(inherited) @executable_path/Frameworks";
				PRODUCT_BUNDLE_IDENTIFIER = "com.gg4acrossover.onapiclient.Project-03--OnAPIClient";
				PRODUCT_NAME = "$(TARGET_NAME)";
				SWIFT_VERSION = 3.0;
			};
			name = Release;
		};
/* End XCBuildConfiguration section */

/* Begin XCConfigurationList section */
		DD168A091ECFF35A003A152A /* Build configuration list for PBXProject "Project 03 -OnAPIClient" */ = {
			isa = XCConfigurationList;
			buildConfigurations = (
				DD168A1E1ECFF35A003A152A /* Debug */,
				DD168A1F1ECFF35A003A152A /* Release */,
			);
			defaultConfigurationIsVisible = 0;
			defaultConfigurationName = Release;
		};
		DD168A201ECFF35A003A152A /* Build configuration list for PBXNativeTarget "Project 03 -OnAPIClient" */ = {
			isa = XCConfigurationList;
			buildConfigurations = (
				DD168A211ECFF35A003A152A /* Debug */,
				DD168A221ECFF35A003A152A /* Release */,
			);
			defaultConfigurationIsVisible = 0;
			defaultConfigurationName = Release;
		};
/* End XCConfigurationList section */
	};
	rootObject = DD168A061ECFF35A003A152A /* Project object */;
}
