PODS:
  - Alamofire (4.4.0)
  - Moya (8.0.4):
    - Moya/Core (= 8.0.4)
  - Moya/Core (8.0.4):
    - Alamofire (~> 4.1)
    - Result (~> 3.0)
  - Result (3.2.2)

DEPENDENCIES:
  - Moya

SPEC CHECKSUMS:
  Alamofire: dc44b1600b800eb63da6a19039a0083d62a6a62d
  Moya: a08bc060c7a44eee27447b239ed33a189b641e2b
  Result: 4edd39003fdccf281d418ee1b006571f70123250

PODFILE CHECKSUM: f513e32b48162cc4058437238a9fc104f72a3833

COCOAPODS: 1.2.1
